
Microsoft Visual Studio Solution File, Format Version 12.00
# Visual Studio 14
VisualStudioVersion = 14.0.25420.1
MinimumVisualStudioVersion = 10.0.40219.1
Project("{00D1A9C2-B5F0-4AF3-8072-F6C62B433612}") = "Weather.DB", "Weather.DB\Weather.DB.sqlproj", "{8A06A06E-CC71-45B1-80F9-30D0ED4FD34D}"
EndProject
Project("{F2A71F9B-5D33-465A-A702-920D77279786}") = "Weather.Persistence", "Weather.Persistence\Weather.Persistence.fsproj", "{C24A0431-685F-4A3B-8A0E-2FACA0401E3C}"
EndProject
Project("{F2A71F9B-5D33-465A-A702-920D77279786}") = "Weather.Model", "Weather.Model\Weather.Model.fsproj", "{1EE46EEE-C926-4D3C-9DB2-4B2ED025F511}"
EndProject
Project("{F2A71F9B-5D33-465A-A702-920D77279786}") = "Weather.Composition", "Weather.Composition\Weather.Composition.fsproj", "{6CFC4593-8112-4AFC-9C3A-4DF17581A8CF}"
EndProject
Project("{F2A71F9B-5D33-465A-A702-920D77279786}") = "Weather.Utils", "Weather.Utils\Weather.Utils.fsproj", "{793BEAF7-68D5-4F4A-830A-C53AB634D011}"
EndProject
Project("{F2A71F9B-5D33-465A-A702-920D77279786}") = "Weather.Synop", "Weather.Synop\Weather.Synop.fsproj", "{FF33577F-B962-4808-B27A-C3D077DBA9EB}"
EndProject
Project("{F2A71F9B-5D33-465A-A702-920D77279786}") = "Weather.UnitTests", "Weather.UnitTests\Weather.UnitTests.fsproj", "{D938E131-74FC-4D89-BC71-BB6C5F73D0D0}"
EndProject
Project("{F2A71F9B-5D33-465A-A702-920D77279786}") = "Weather.IntegrationTests", "Weather.IntegrationTests\Weather.IntegrationTests.fsproj", "{9C7E1F31-D456-4282-9767-C9802B2525B1}"
EndProject
Project("{F2A71F9B-5D33-465A-A702-920D77279786}") = "Weather.DataProvider", "Weather.DataProvider\Weather.DataProvider.fsproj", "{95E20368-AC52-4ED5-8F50-5DA49CD3D8CF}"
EndProject
Global
	GlobalSection(SolutionConfigurationPlatforms) = preSolution
		Debug|Any CPU = Debug|Any CPU
		Release|Any CPU = Release|Any CPU
	EndGlobalSection
	GlobalSection(ProjectConfigurationPlatforms) = postSolution
		{8A06A06E-CC71-45B1-80F9-30D0ED4FD34D}.Debug|Any CPU.ActiveCfg = Debug|Any CPU
		{8A06A06E-CC71-45B1-80F9-30D0ED4FD34D}.Debug|Any CPU.Build.0 = Debug|Any CPU
		{8A06A06E-CC71-45B1-80F9-30D0ED4FD34D}.Debug|Any CPU.Deploy.0 = Debug|Any CPU
		{8A06A06E-CC71-45B1-80F9-30D0ED4FD34D}.Release|Any CPU.ActiveCfg = Release|Any CPU
		{8A06A06E-CC71-45B1-80F9-30D0ED4FD34D}.Release|Any CPU.Build.0 = Release|Any CPU
		{8A06A06E-CC71-45B1-80F9-30D0ED4FD34D}.Release|Any CPU.Deploy.0 = Release|Any CPU
		{C24A0431-685F-4A3B-8A0E-2FACA0401E3C}.Debug|Any CPU.ActiveCfg = Debug|Any CPU
		{C24A0431-685F-4A3B-8A0E-2FACA0401E3C}.Debug|Any CPU.Build.0 = Debug|Any CPU
		{C24A0431-685F-4A3B-8A0E-2FACA0401E3C}.Release|Any CPU.ActiveCfg = Release|Any CPU
		{C24A0431-685F-4A3B-8A0E-2FACA0401E3C}.Release|Any CPU.Build.0 = Release|Any CPU
		{1EE46EEE-C926-4D3C-9DB2-4B2ED025F511}.Debug|Any CPU.ActiveCfg = Debug|Any CPU
		{1EE46EEE-C926-4D3C-9DB2-4B2ED025F511}.Debug|Any CPU.Build.0 = Debug|Any CPU
		{1EE46EEE-C926-4D3C-9DB2-4B2ED025F511}.Release|Any CPU.ActiveCfg = Release|Any CPU
		{1EE46EEE-C926-4D3C-9DB2-4B2ED025F511}.Release|Any CPU.Build.0 = Release|Any CPU
		{6CFC4593-8112-4AFC-9C3A-4DF17581A8CF}.Debug|Any CPU.ActiveCfg = Debug|Any CPU
		{6CFC4593-8112-4AFC-9C3A-4DF17581A8CF}.Debug|Any CPU.Build.0 = Debug|Any CPU
		{6CFC4593-8112-4AFC-9C3A-4DF17581A8CF}.Release|Any CPU.ActiveCfg = Release|Any CPU
		{6CFC4593-8112-4AFC-9C3A-4DF17581A8CF}.Release|Any CPU.Build.0 = Release|Any CPU
		{793BEAF7-68D5-4F4A-830A-C53AB634D011}.Debug|Any CPU.ActiveCfg = Debug|Any CPU
		{793BEAF7-68D5-4F4A-830A-C53AB634D011}.Debug|Any CPU.Build.0 = Debug|Any CPU
		{793BEAF7-68D5-4F4A-830A-C53AB634D011}.Release|Any CPU.ActiveCfg = Release|Any CPU
		{793BEAF7-68D5-4F4A-830A-C53AB634D011}.Release|Any CPU.Build.0 = Release|Any CPU
		{FF33577F-B962-4808-B27A-C3D077DBA9EB}.Debug|Any CPU.ActiveCfg = Debug|Any CPU
		{FF33577F-B962-4808-B27A-C3D077DBA9EB}.Debug|Any CPU.Build.0 = Debug|Any CPU
		{FF33577F-B962-4808-B27A-C3D077DBA9EB}.Release|Any CPU.ActiveCfg = Release|Any CPU
		{FF33577F-B962-4808-B27A-C3D077DBA9EB}.Release|Any CPU.Build.0 = Release|Any CPU
		{D938E131-74FC-4D89-BC71-BB6C5F73D0D0}.Debug|Any CPU.ActiveCfg = Debug|Any CPU
		{D938E131-74FC-4D89-BC71-BB6C5F73D0D0}.Debug|Any CPU.Build.0 = Debug|Any CPU
		{D938E131-74FC-4D89-BC71-BB6C5F73D0D0}.Release|Any CPU.ActiveCfg = Release|Any CPU
		{D938E131-74FC-4D89-BC71-BB6C5F73D0D0}.Release|Any CPU.Build.0 = Release|Any CPU
		{9C7E1F31-D456-4282-9767-C9802B2525B1}.Debug|Any CPU.ActiveCfg = Debug|Any CPU
		{9C7E1F31-D456-4282-9767-C9802B2525B1}.Debug|Any CPU.Build.0 = Debug|Any CPU
		{9C7E1F31-D456-4282-9767-C9802B2525B1}.Release|Any CPU.ActiveCfg = Release|Any CPU
		{9C7E1F31-D456-4282-9767-C9802B2525B1}.Release|Any CPU.Build.0 = Release|Any CPU
		{95E20368-AC52-4ED5-8F50-5DA49CD3D8CF}.Debug|Any CPU.ActiveCfg = Debug|Any CPU
		{95E20368-AC52-4ED5-8F50-5DA49CD3D8CF}.Debug|Any CPU.Build.0 = Debug|Any CPU
		{95E20368-AC52-4ED5-8F50-5DA49CD3D8CF}.Release|Any CPU.ActiveCfg = Release|Any CPU
		{95E20368-AC52-4ED5-8F50-5DA49CD3D8CF}.Release|Any CPU.Build.0 = Release|Any CPU
	EndGlobalSection
	GlobalSection(SolutionProperties) = preSolution
		HideSolutionNode = FALSE
	EndGlobalSection
EndGlobal
